
Microsoft Visual Studio Solution File, Format Version 12.00
# Visual Studio 15
VisualStudioVersion = 15.0.28307.852
MinimumVisualStudioVersion = 10.0.40219.1
Project("{FAE04EC0-301F-11D3-BF4B-00C04F79EFBC}") = "DeclaringAndInvokeMethods", "DeclaringAndInvokeMethods\DeclaringAndInvokeMethods.csproj", "{C14993CD-1CC7-4422-A346-4A1172D51811}"
EndProject
Project("{FAE04EC0-301F-11D3-BF4B-00C04F79EFBC}") = "SignOfIntegerNumber", "SignOfIntegerNumber\SignOfIntegerNumber.csproj", "{B37ABA47-B7EC-44E7-A386-6B304C71D20C}"
EndProject
Project("{FAE04EC0-301F-11D3-BF4B-00C04F79EFBC}") = "PrintTriangle", "PrintTriangle\PrintTriangle.csproj", "{F658AEBE-ECDD-4F01-BFB3-F0DA317F828A}"
EndProject
Project("{FAE04EC0-301F-11D3-BF4B-00C04F79EFBC}") = "FilledSquare", "FilledSquare\FilledSquare.csproj", "{69FD575F-236F-4453-95CF-9C3D3363C9C6}"
EndProject
Project("{FAE04EC0-301F-11D3-BF4B-00C04F79EFBC}") = "TriangleArea", "TriangleArea\TriangleArea.csproj", "{66B16DA4-45FE-4E4B-8124-CA17C77654C8}"
EndProject
Project("{FAE04EC0-301F-11D3-BF4B-00C04F79EFBC}") = "MathPowerExercise", "MathPowerExercise\MathPowerExercise.csproj", "{E6F7E5BB-0138-41FB-B65B-37FE46308C57}"
EndProject
Project("{FAE04EC0-301F-11D3-BF4B-00C04F79EFBC}") = "GreaterOfTwoValues", "GreaterOfTwoValues\GreaterOfTwoValues.csproj", "{43E4E6A7-54AE-4501-A0B0-416C54ED6CDF}"
EndProject
Project("{FAE04EC0-301F-11D3-BF4B-00C04F79EFBC}") = "MinMethod", "MinMethod\MinMethod.csproj", "{346F5B48-D83E-44E7-83C8-3243219B634F}"
EndProject
Project("{FAE04EC0-301F-11D3-BF4B-00C04F79EFBC}") = "StringRepeater", "tringRepeater\StringRepeater.csproj", "{8BE2637A-E7F0-433D-AFBA-85FD072CEF12}"
EndProject
Project("{FAE04EC0-301F-11D3-BF4B-00C04F79EFBC}") = "FindNthDigit", "FindNthDigit\FindNthDigit.csproj", "{94F73267-AA2B-4AAF-A07E-D52C55F9FCDD}"
EndProject
Project("{FAE04EC0-301F-11D3-BF4B-00C04F79EFBC}") = "IntegerToBase", "IntegerToBase\IntegerToBase.csproj", "{7935A688-765E-4E8D-A90C-2228EA01E76F}"
EndProject
Project("{FAE04EC0-301F-11D3-BF4B-00C04F79EFBC}") = "Notifications", "Notifications\Notifications.csproj", "{10A381CB-ECA3-4085-BA93-9EF0A1CE57A5}"
EndProject
Global
	GlobalSection(SolutionConfigurationPlatforms) = preSolution
		Debug|Any CPU = Debug|Any CPU
		Release|Any CPU = Release|Any CPU
	EndGlobalSection
	GlobalSection(ProjectConfigurationPlatforms) = postSolution
		{C14993CD-1CC7-4422-A346-4A1172D51811}.Debug|Any CPU.ActiveCfg = Debug|Any CPU
		{C14993CD-1CC7-4422-A346-4A1172D51811}.Debug|Any CPU.Build.0 = Debug|Any CPU
		{C14993CD-1CC7-4422-A346-4A1172D51811}.Release|Any CPU.ActiveCfg = Release|Any CPU
		{C14993CD-1CC7-4422-A346-4A1172D51811}.Release|Any CPU.Build.0 = Release|Any CPU
		{B37ABA47-B7EC-44E7-A386-6B304C71D20C}.Debug|Any CPU.ActiveCfg = Debug|Any CPU
		{B37ABA47-B7EC-44E7-A386-6B304C71D20C}.Debug|Any CPU.Build.0 = Debug|Any CPU
		{B37ABA47-B7EC-44E7-A386-6B304C71D20C}.Release|Any CPU.ActiveCfg = Release|Any CPU
		{B37ABA47-B7EC-44E7-A386-6B304C71D20C}.Release|Any CPU.Build.0 = Release|Any CPU
		{F658AEBE-ECDD-4F01-BFB3-F0DA317F828A}.Debug|Any CPU.ActiveCfg = Debug|Any CPU
		{F658AEBE-ECDD-4F01-BFB3-F0DA317F828A}.Debug|Any CPU.Build.0 = Debug|Any CPU
		{F658AEBE-ECDD-4F01-BFB3-F0DA317F828A}.Release|Any CPU.ActiveCfg = Release|Any CPU
		{F658AEBE-ECDD-4F01-BFB3-F0DA317F828A}.Release|Any CPU.Build.0 = Release|Any CPU
		{69FD575F-236F-4453-95CF-9C3D3363C9C6}.Debug|Any CPU.ActiveCfg = Debug|Any CPU
		{69FD575F-236F-4453-95CF-9C3D3363C9C6}.Debug|Any CPU.Build.0 = Debug|Any CPU
		{69FD575F-236F-4453-95CF-9C3D3363C9C6}.Release|Any CPU.ActiveCfg = Release|Any CPU
		{69FD575F-236F-4453-95CF-9C3D3363C9C6}.Release|Any CPU.Build.0 = Release|Any CPU
		{66B16DA4-45FE-4E4B-8124-CA17C77654C8}.Debug|Any CPU.ActiveCfg = Debug|Any CPU
		{66B16DA4-45FE-4E4B-8124-CA17C77654C8}.Debug|Any CPU.Build.0 = Debug|Any CPU
		{66B16DA4-45FE-4E4B-8124-CA17C77654C8}.Release|Any CPU.ActiveCfg = Release|Any CPU
		{66B16DA4-45FE-4E4B-8124-CA17C77654C8}.Release|Any CPU.Build.0 = Release|Any CPU
		{E6F7E5BB-0138-41FB-B65B-37FE46308C57}.Debug|Any CPU.ActiveCfg = Debug|Any CPU
		{E6F7E5BB-0138-41FB-B65B-37FE46308C57}.Debug|Any CPU.Build.0 = Debug|Any CPU
		{E6F7E5BB-0138-41FB-B65B-37FE46308C57}.Release|Any CPU.ActiveCfg = Release|Any CPU
		{E6F7E5BB-0138-41FB-B65B-37FE46308C57}.Release|Any CPU.Build.0 = Release|Any CPU
		{43E4E6A7-54AE-4501-A0B0-416C54ED6CDF}.Debug|Any CPU.ActiveCfg = Debug|Any CPU
		{43E4E6A7-54AE-4501-A0B0-416C54ED6CDF}.Debug|Any CPU.Build.0 = Debug|Any CPU
		{43E4E6A7-54AE-4501-A0B0-416C54ED6CDF}.Release|Any CPU.ActiveCfg = Release|Any CPU
		{43E4E6A7-54AE-4501-A0B0-416C54ED6CDF}.Release|Any CPU.Build.0 = Release|Any CPU
		{346F5B48-D83E-44E7-83C8-3243219B634F}.Debug|Any CPU.ActiveCfg = Debug|Any CPU
		{346F5B48-D83E-44E7-83C8-3243219B634F}.Debug|Any CPU.Build.0 = Debug|Any CPU
		{346F5B48-D83E-44E7-83C8-3243219B634F}.Release|Any CPU.ActiveCfg = Release|Any CPU
		{346F5B48-D83E-44E7-83C8-3243219B634F}.Release|Any CPU.Build.0 = Release|Any CPU
		{8BE2637A-E7F0-433D-AFBA-85FD072CEF12}.Debug|Any CPU.ActiveCfg = Debug|Any CPU
		{8BE2637A-E7F0-433D-AFBA-85FD072CEF12}.Debug|Any CPU.Build.0 = Debug|Any CPU
		{8BE2637A-E7F0-433D-AFBA-85FD072CEF12}.Release|Any CPU.ActiveCfg = Release|Any CPU
		{8BE2637A-E7F0-433D-AFBA-85FD072CEF12}.Release|Any CPU.Build.0 = Release|Any CPU
		{94F73267-AA2B-4AAF-A07E-D52C55F9FCDD}.Debug|Any CPU.ActiveCfg = Debug|Any CPU
		{94F73267-AA2B-4AAF-A07E-D52C55F9FCDD}.Debug|Any CPU.Build.0 = Debug|Any CPU
		{94F73267-AA2B-4AAF-A07E-D52C55F9FCDD}.Release|Any CPU.ActiveCfg = Release|Any CPU
		{94F73267-AA2B-4AAF-A07E-D52C55F9FCDD}.Release|Any CPU.Build.0 = Release|Any CPU
		{7935A688-765E-4E8D-A90C-2228EA01E76F}.Debug|Any CPU.ActiveCfg = Debug|Any CPU
		{7935A688-765E-4E8D-A90C-2228EA01E76F}.Debug|Any CPU.Build.0 = Debug|Any CPU
		{7935A688-765E-4E8D-A90C-2228EA01E76F}.Release|Any CPU.ActiveCfg = Release|Any CPU
		{7935A688-765E-4E8D-A90C-2228EA01E76F}.Release|Any CPU.Build.0 = Release|Any CPU
		{10A381CB-ECA3-4085-BA93-9EF0A1CE57A5}.Debug|Any CPU.ActiveCfg = Debug|Any CPU
		{10A381CB-ECA3-4085-BA93-9EF0A1CE57A5}.Debug|Any CPU.Build.0 = Debug|Any CPU
		{10A381CB-ECA3-4085-BA93-9EF0A1CE57A5}.Release|Any CPU.ActiveCfg = Release|Any CPU
		{10A381CB-ECA3-4085-BA93-9EF0A1CE57A5}.Release|Any CPU.Build.0 = Release|Any CPU
	EndGlobalSection
	GlobalSection(SolutionProperties) = preSolution
		HideSolutionNode = FALSE
	EndGlobalSection
	GlobalSection(ExtensibilityGlobals) = postSolution
		SolutionGuid = {2E6EAAB6-DB1F-433C-8688-83FA188E001E}
	EndGlobalSection
EndGlobal
